// !$*UTF8*$!
{
	archiveVersion = 1;
	classes = {
	};
	objectVersion = 50;
	objects = {

/* Begin PBXBuildFile section */
		458CBC2E275D1E6F00943402 /* Intents.framework in Frameworks */ = {isa = PBXBuildFile; fileRef = 458CBC2D275D1E6F00943402 /* Intents.framework */; };
		458CBC31275D1E6F00943402 /* IntentHandler.swift in Sources */ = {isa = PBXBuildFile; fileRef = 458CBC30275D1E6F00943402 /* IntentHandler.swift */; };
		458CBC35275D1E6F00943402 /* MediaIntent.appex in Embed App Extensions */ = {isa = PBXBuildFile; fileRef = 458CBC2B275D1E6F00943402 /* MediaIntent.appex */; settings = {ATTRIBUTES = (RemoveHeadersOnCopy, ); }; };
		458CBC3F275D1F4D00943402 /* MediaIntents.intentdefinition in Sources */ = {isa = PBXBuildFile; fileRef = 458CBC3E275D1F4D00943402 /* MediaIntents.intentdefinition */; };
		458CBC42275D1F5A00943402 /* MediaIntents.intentdefinition in Sources */ = {isa = PBXBuildFile; fileRef = 458CBC3E275D1F4D00943402 /* MediaIntents.intentdefinition */; settings = {ATTRIBUTES = (no_codegen, ); }; };
		458CBC4A275D220400943402 /* PlayMediaIntentHandler.swift in Sources */ = {isa = PBXBuildFile; fileRef = 458CBC49275D220400943402 /* PlayMediaIntentHandler.swift */; };
		45A70910275A0AD10058A7F6 /* AppDelegate.swift in Sources */ = {isa = PBXBuildFile; fileRef = 45A7090F275A0AD10058A7F6 /* AppDelegate.swift */; };
		45A70912275A0AD10058A7F6 /* SceneDelegate.swift in Sources */ = {isa = PBXBuildFile; fileRef = 45A70911275A0AD10058A7F6 /* SceneDelegate.swift */; };
		45A70914275A0AD10058A7F6 /* ViewController.swift in Sources */ = {isa = PBXBuildFile; fileRef = 45A70913275A0AD10058A7F6 /* ViewController.swift */; };
		45A70917275A0AD10058A7F6 /* Main.storyboard in Resources */ = {isa = PBXBuildFile; fileRef = 45A70915275A0AD10058A7F6 /* Main.storyboard */; };
		45A70919275A0ADD0058A7F6 /* Assets.xcassets in Resources */ = {isa = PBXBuildFile; fileRef = 45A70918275A0ADD0058A7F6 /* Assets.xcassets */; };
		45A7091C275A0ADD0058A7F6 /* LaunchScreen.storyboard in Resources */ = {isa = PBXBuildFile; fileRef = 45A7091A275A0ADD0058A7F6 /* LaunchScreen.storyboard */; };
		45A70928275A0E580058A7F6 /* song2.mp3 in Resources */ = {isa = PBXBuildFile; fileRef = 45A70925275A0E560058A7F6 /* song2.mp3 */; };
		45A70929275A0E580058A7F6 /* song1.mp3 in Resources */ = {isa = PBXBuildFile; fileRef = 45A70926275A0E570058A7F6 /* song1.mp3 */; };
		45A7092A275A0E580058A7F6 /* song3.mp3 in Resources */ = {isa = PBXBuildFile; fileRef = 45A70927275A0E580058A7F6 /* song3.mp3 */; };
		45A7092E275A1B380058A7F6 /* PlayerViewController.swift in Sources */ = {isa = PBXBuildFile; fileRef = 45A7092D275A1B380058A7F6 /* PlayerViewController.swift */; };
/* End PBXBuildFile section */

/* Begin PBXContainerItemProxy section */
		458CBC33275D1E6F00943402 /* PBXContainerItemProxy */ = {
			isa = PBXContainerItemProxy;
			containerPortal = 45A70904275A0AD10058A7F6 /* Project object */;
			proxyType = 1;
			remoteGlobalIDString = 458CBC2A275D1E6F00943402;
			remoteInfo = MediaIntent;
		};
/* End PBXContainerItemProxy section */

/* Begin PBXCopyFilesBuildPhase section */
		458CBC39275D1E6F00943402 /* Embed App Extensions */ = {
			isa = PBXCopyFilesBuildPhase;
			buildActionMask = 2147483647;
			dstPath = "";
			dstSubfolderSpec = 13;
			files = (
				458CBC35275D1E6F00943402 /* MediaIntent.appex in Embed App Extensions */,
			);
			name = "Embed App Extensions";
			runOnlyForDeploymentPostprocessing = 0;
		};
/* End PBXCopyFilesBuildPhase section */

/* Begin PBXFileReference section */
		458CBC2B275D1E6F00943402 /* MediaIntent.appex */ = {isa = PBXFileReference; explicitFileType = "wrapper.app-extension"; includeInIndex = 0; path = MediaIntent.appex; sourceTree = BUILT_PRODUCTS_DIR; };
		458CBC2D275D1E6F00943402 /* Intents.framework */ = {isa = PBXFileReference; lastKnownFileType = wrapper.framework; name = Intents.framework; path = System/Library/Frameworks/Intents.framework; sourceTree = SDKROOT; };
		458CBC30275D1E6F00943402 /* IntentHandler.swift */ = {isa = PBXFileReference; lastKnownFileType = sourcecode.swift; path = IntentHandler.swift; sourceTree = "<group>"; };
		458CBC32275D1E6F00943402 /* Info.plist */ = {isa = PBXFileReference; lastKnownFileType = text.plist.xml; path = Info.plist; sourceTree = "<group>"; };
		458CBC3E275D1F4D00943402 /* MediaIntents.intentdefinition */ = {isa = PBXFileReference; lastKnownFileType = file.intentdefinition; path = MediaIntents.intentdefinition; sourceTree = "<group>"; };
		458CBC49275D220400943402 /* PlayMediaIntentHandler.swift */ = {isa = PBXFileReference; lastKnownFileType = sourcecode.swift; path = PlayMediaIntentHandler.swift; sourceTree = "<group>"; };
		45A7090C275A0AD10058A7F6 /* MyMusic.app */ = {isa = PBXFileReference; explicitFileType = wrapper.application; includeInIndex = 0; path = MyMusic.app; sourceTree = BUILT_PRODUCTS_DIR; };
		45A7090F275A0AD10058A7F6 /* AppDelegate.swift */ = {isa = PBXFileReference; lastKnownFileType = sourcecode.swift; path = AppDelegate.swift; sourceTree = "<group>"; };
		45A70911275A0AD10058A7F6 /* SceneDelegate.swift */ = {isa = PBXFileReference; lastKnownFileType = sourcecode.swift; path = SceneDelegate.swift; sourceTree = "<group>"; };
		45A70913275A0AD10058A7F6 /* ViewController.swift */ = {isa = PBXFileReference; lastKnownFileType = sourcecode.swift; path = ViewController.swift; sourceTree = "<group>"; };
		45A70916275A0AD10058A7F6 /* Base */ = {isa = PBXFileReference; lastKnownFileType = file.storyboard; name = Base; path = Base.lproj/Main.storyboard; sourceTree = "<group>"; };
		45A70918275A0ADD0058A7F6 /* Assets.xcassets */ = {isa = PBXFileReference; lastKnownFileType = folder.assetcatalog; path = Assets.xcassets; sourceTree = "<group>"; };
		45A7091B275A0ADD0058A7F6 /* Base */ = {isa = PBXFileReference; lastKnownFileType = file.storyboard; name = Base; path = Base.lproj/LaunchScreen.storyboard; sourceTree = "<group>"; };
		45A7091D275A0ADD0058A7F6 /* Info.plist */ = {isa = PBXFileReference; lastKnownFileType = text.plist.xml; path = Info.plist; sourceTree = "<group>"; };
		45A70925275A0E560058A7F6 /* song2.mp3 */ = {isa = PBXFileReference; lastKnownFileType = audio.mp3; path = song2.mp3; sourceTree = "<group>"; };
		45A70926275A0E570058A7F6 /* song1.mp3 */ = {isa = PBXFileReference; lastKnownFileType = audio.mp3; path = song1.mp3; sourceTree = "<group>"; };
		45A70927275A0E580058A7F6 /* song3.mp3 */ = {isa = PBXFileReference; lastKnownFileType = audio.mp3; path = song3.mp3; sourceTree = "<group>"; };
		45A7092D275A1B380058A7F6 /* PlayerViewController.swift */ = {isa = PBXFileReference; lastKnownFileType = sourcecode.swift; path = PlayerViewController.swift; sourceTree = "<group>"; };
		45FC414C275CA926003B374F /* MyMusic.entitlements */ = {isa = PBXFileReference; lastKnownFileType = text.plist.entitlements; path = MyMusic.entitlements; sourceTree = "<group>"; };
/* End PBXFileReference section */

/* Begin PBXFrameworksBuildPhase section */
		458CBC28275D1E6F00943402 /* Frameworks */ = {
			isa = PBXFrameworksBuildPhase;
			buildActionMask = 2147483647;
			files = (
				458CBC2E275D1E6F00943402 /* Intents.framework in Frameworks */,
			);
			runOnlyForDeploymentPostprocessing = 0;
		};
		45A70909275A0AD10058A7F6 /* Frameworks */ = {
			isa = PBXFrameworksBuildPhase;
			buildActionMask = 2147483647;
			files = (
			);
			runOnlyForDeploymentPostprocessing = 0;
		};
/* End PBXFrameworksBuildPhase section */

/* Begin PBXGroup section */
		458CBC2C275D1E6F00943402 /* Frameworks */ = {
			isa = PBXGroup;
			children = (
				458CBC2D275D1E6F00943402 /* Intents.framework */,
			);
			name = Frameworks;
			sourceTree = "<group>";
		};
		458CBC2F275D1E6F00943402 /* MediaIntent */ = {
			isa = PBXGroup;
			children = (
				458CBC30275D1E6F00943402 /* IntentHandler.swift */,
				458CBC32275D1E6F00943402 /* Info.plist */,
				458CBC3E275D1F4D00943402 /* MediaIntents.intentdefinition */,
				458CBC49275D220400943402 /* PlayMediaIntentHandler.swift */,
			);
			path = MediaIntent;
			sourceTree = "<group>";
		};
		45A70903275A0AD10058A7F6 = {
			isa = PBXGroup;
			children = (
				45A7090E275A0AD10058A7F6 /* MyMusic */,
				458CBC2F275D1E6F00943402 /* MediaIntent */,
				458CBC2C275D1E6F00943402 /* Frameworks */,
				45A7090D275A0AD10058A7F6 /* Products */,
			);
			sourceTree = "<group>";
		};
		45A7090D275A0AD10058A7F6 /* Products */ = {
			isa = PBXGroup;
			children = (
				45A7090C275A0AD10058A7F6 /* MyMusic.app */,
				458CBC2B275D1E6F00943402 /* MediaIntent.appex */,
			);
			name = Products;
			sourceTree = "<group>";
		};
		45A7090E275A0AD10058A7F6 /* MyMusic */ = {
			isa = PBXGroup;
			children = (
				45FC414C275CA926003B374F /* MyMusic.entitlements */,
				45A70926275A0E570058A7F6 /* song1.mp3 */,
				45A70925275A0E560058A7F6 /* song2.mp3 */,
				45A70927275A0E580058A7F6 /* song3.mp3 */,
				45A7090F275A0AD10058A7F6 /* AppDelegate.swift */,
				45A70911275A0AD10058A7F6 /* SceneDelegate.swift */,
				45A70913275A0AD10058A7F6 /* ViewController.swift */,
				45A70915275A0AD10058A7F6 /* Main.storyboard */,
				45A70918275A0ADD0058A7F6 /* Assets.xcassets */,
				45A7091A275A0ADD0058A7F6 /* LaunchScreen.storyboard */,
				45A7091D275A0ADD0058A7F6 /* Info.plist */,
				45A7092D275A1B380058A7F6 /* PlayerViewController.swift */,
			);
			path = MyMusic;
			sourceTree = "<group>";
		};
/* End PBXGroup section */

/* Begin PBXNativeTarget section */
		458CBC2A275D1E6F00943402 /* MediaIntent */ = {
			isa = PBXNativeTarget;
			buildConfigurationList = 458CBC36275D1E6F00943402 /* Build configuration list for PBXNativeTarget "MediaIntent" */;
			buildPhases = (
				458CBC27275D1E6F00943402 /* Sources */,
				458CBC28275D1E6F00943402 /* Frameworks */,
				458CBC29275D1E6F00943402 /* Resources */,
			);
			buildRules = (
			);
			dependencies = (
			);
			name = MediaIntent;
			productName = MediaIntent;
			productReference = 458CBC2B275D1E6F00943402 /* MediaIntent.appex */;
			productType = "com.apple.product-type.app-extension";
		};
		45A7090B275A0AD10058A7F6 /* MyMusic */ = {
			isa = PBXNativeTarget;
			buildConfigurationList = 45A70920275A0ADD0058A7F6 /* Build configuration list for PBXNativeTarget "MyMusic" */;
			buildPhases = (
				45A70908275A0AD10058A7F6 /* Sources */,
				45A70909275A0AD10058A7F6 /* Frameworks */,
				45A7090A275A0AD10058A7F6 /* Resources */,
				458CBC39275D1E6F00943402 /* Embed App Extensions */,
			);
			buildRules = (
			);
			dependencies = (
				458CBC34275D1E6F00943402 /* PBXTargetDependency */,
			);
			name = MyMusic;
			productName = MyMusic;
			productReference = 45A7090C275A0AD10058A7F6 /* MyMusic.app */;
			productType = "com.apple.product-type.application";
		};
/* End PBXNativeTarget section */

/* Begin PBXProject section */
		45A70904275A0AD10058A7F6 /* Project object */ = {
			isa = PBXProject;
			attributes = {
				LastSwiftUpdateCheck = 1240;
				LastUpgradeCheck = 1240;
				TargetAttributes = {
					458CBC2A275D1E6F00943402 = {
						CreatedOnToolsVersion = 12.4;
					};
					45A7090B275A0AD10058A7F6 = {
						CreatedOnToolsVersion = 12.4;
					};
				};
			};
			buildConfigurationList = 45A70907275A0AD10058A7F6 /* Build configuration list for PBXProject "MyMusic" */;
			compatibilityVersion = "Xcode 9.3";
			developmentRegion = en;
			hasScannedForEncodings = 0;
			knownRegions = (
				en,
				Base,
			);
			mainGroup = 45A70903275A0AD10058A7F6;
			productRefGroup = 45A7090D275A0AD10058A7F6 /* Products */;
			projectDirPath = "";
			projectRoot = "";
			targets = (
				45A7090B275A0AD10058A7F6 /* MyMusic */,
				458CBC2A275D1E6F00943402 /* MediaIntent */,
			);
		};
/* End PBXProject section */

/* Begin PBXResourcesBuildPhase section */
		458CBC29275D1E6F00943402 /* Resources */ = {
			isa = PBXResourcesBuildPhase;
			buildActionMask = 2147483647;
			files = (
			);
			runOnlyForDeploymentPostprocessing = 0;
		};
		45A7090A275A0AD10058A7F6 /* Resources */ = {
			isa = PBXResourcesBuildPhase;
			buildActionMask = 2147483647;
			files = (
				45A70928275A0E580058A7F6 /* song2.mp3 in Resources */,
				45A7092A275A0E580058A7F6 /* song3.mp3 in Resources */,
				45A70929275A0E580058A7F6 /* song1.mp3 in Resources */,
				45A7091C275A0ADD0058A7F6 /* LaunchScreen.storyboard in Resources */,
				45A70919275A0ADD0058A7F6 /* Assets.xcassets in Resources */,
				45A70917275A0AD10058A7F6 /* Main.storyboard in Resources */,
			);
			runOnlyForDeploymentPostprocessing = 0;
		};
/* End PBXResourcesBuildPhase section */

/* Begin PBXSourcesBuildPhase section */
		458CBC27275D1E6F00943402 /* Sources */ = {
			isa = PBXSourcesBuildPhase;
			buildActionMask = 2147483647;
			files = (
				458CBC31275D1E6F00943402 /* IntentHandler.swift in Sources */,
				458CBC4A275D220400943402 /* PlayMediaIntentHandler.swift in Sources */,
				458CBC3F275D1F4D00943402 /* MediaIntents.intentdefinition in Sources */,
			);
			runOnlyForDeploymentPostprocessing = 0;
		};
		45A70908275A0AD10058A7F6 /* Sources */ = {
			isa = PBXSourcesBuildPhase;
			buildActionMask = 2147483647;
			files = (
				45A70914275A0AD10058A7F6 /* ViewController.swift in Sources */,
				45A7092E275A1B380058A7F6 /* PlayerViewController.swift in Sources */,
				45A70910275A0AD10058A7F6 /* AppDelegate.swift in Sources */,
				45A70912275A0AD10058A7F6 /* SceneDelegate.swift in Sources */,
				458CBC42275D1F5A00943402 /* MediaIntents.intentdefinition in Sources */,
			);
			runOnlyForDeploymentPostprocessing = 0;
		};
/* End PBXSourcesBuildPhase section */

/* Begin PBXTargetDependency section */
		458CBC34275D1E6F00943402 /* PBXTargetDependency */ = {
			isa = PBXTargetDependency;
			target = 458CBC2A275D1E6F00943402 /* MediaIntent */;
			targetProxy = 458CBC33275D1E6F00943402 /* PBXContainerItemProxy */;
		};
/* End PBXTargetDependency section */

/* Begin PBXVariantGroup section */
		45A70915275A0AD10058A7F6 /* Main.storyboard */ = {
			isa = PBXVariantGroup;
			children = (
				45A70916275A0AD10058A7F6 /* Base */,
			);
			name = Main.storyboard;
			sourceTree = "<group>";
		};
		45A7091A275A0ADD0058A7F6 /* LaunchScreen.storyboard */ = {
			isa = PBXVariantGroup;
			children = (
				45A7091B275A0ADD0058A7F6 /* Base */,
			);
			name = LaunchScreen.storyboard;
			sourceTree = "<group>";
		};
/* End PBXVariantGroup section */

/* Begin XCBuildConfiguration section */
		458CBC37275D1E6F00943402 /* Debug */ = {
			isa = XCBuildConfiguration;
			buildSettings = {
				CODE_SIGN_IDENTITY = "iPhone Developer";
				CODE_SIGN_STYLE = Manual;
				DEVELOPMENT_TEAM = 8Z7DUYBZ6B;
				INFOPLIST_FILE = MediaIntent/Info.plist;
				LD_RUNPATH_SEARCH_PATHS = (
					"$(inherited)",
					"@executable_path/Frameworks",
					"@executable_path/../../Frameworks",
				);
				PRODUCT_BUNDLE_IDENTIFIER = com.harkaudio.poc.MediaIntent;
				PRODUCT_NAME = "$(TARGET_NAME)";
				PROVISIONING_PROFILE_SPECIFIER = "Hark POC Dev";
				SKIP_INSTALL = YES;
				SWIFT_VERSION = 5.0;
				TARGETED_DEVICE_FAMILY = "1,2";
			};
			name = Debug;
		};
		458CBC38275D1E6F00943402 /* Release */ = {
			isa = XCBuildConfiguration;
			buildSettings = {
				CODE_SIGN_IDENTITY = "iPhone Developer";
				CODE_SIGN_STYLE = Manual;
				DEVELOPMENT_TEAM = 8Z7DUYBZ6B;
				INFOPLIST_FILE = MediaIntent/Info.plist;
				LD_RUNPATH_SEARCH_PATHS = (
					"$(inherited)",
					"@executable_path/Frameworks",
					"@executable_path/../../Frameworks",
				);
				PRODUCT_BUNDLE_IDENTIFIER = com.harkaudio.poc.MediaIntent;
				PRODUCT_NAME = "$(TARGET_NAME)";
				PROVISIONING_PROFILE_SPECIFIER = "Hark POC Dev";
				SKIP_INSTALL = YES;
				SWIFT_VERSION = 5.0;
				TARGETED_DEVICE_FAMILY = "1,2";
			};
			name = Release;
		};
		45A7091E275A0ADD0058A7F6 /* Debug */ = {
			isa = XCBuildConfiguration;
			buildSettings = {
				ALWAYS_SEARCH_USER_PATHS = NO;
				CLANG_ANALYZER_NONNULL = YES;
				CLANG_ANALYZER_NUMBER_OBJECT_CONVERSION = YES_AGGRESSIVE;
				CLANG_CXX_LANGUAGE_STANDARD = "gnu++14";
				CLANG_CXX_LIBRARY = "libc++";
				CLANG_ENABLE_MODULES = YES;
				CLANG_ENABLE_OBJC_ARC = YES;
				CLANG_ENABLE_OBJC_WEAK = YES;
				CLANG_WARN_BLOCK_CAPTURE_AUTORELEASING = YES;
				CLANG_WARN_BOOL_CONVERSION = YES;
				CLANG_WARN_COMMA = YES;
				CLANG_WARN_CONSTANT_CONVERSION = YES;
				CLANG_WARN_DEPRECATED_OBJC_IMPLEMENTATIONS = YES;
				CLANG_WARN_DIRECT_OBJC_ISA_USAGE = YES_ERROR;
				CLANG_WARN_DOCUMENTATION_COMMENTS = YES;
				CLANG_WARN_EMPTY_BODY = YES;
				CLANG_WARN_ENUM_CONVERSION = YES;
				CLANG_WARN_INFINITE_RECURSION = YES;
				CLANG_WARN_INT_CONVERSION = YES;
				CLANG_WARN_NON_LITERAL_NULL_CONVERSION = YES;
				CLANG_WARN_OBJC_IMPLICIT_RETAIN_SELF = YES;
				CLANG_WARN_OBJC_LITERAL_CONVERSION = YES;
				CLANG_WARN_OBJC_ROOT_CLASS = YES_ERROR;
				CLANG_WARN_QUOTED_INCLUDE_IN_FRAMEWORK_HEADER = YES;
				CLANG_WARN_RANGE_LOOP_ANALYSIS = YES;
				CLANG_WARN_STRICT_PROTOTYPES = YES;
				CLANG_WARN_SUSPICIOUS_MOVE = YES;
				CLANG_WARN_UNGUARDED_AVAILABILITY = YES_AGGRESSIVE;
				CLANG_WARN_UNREACHABLE_CODE = YES;
				CLANG_WARN__DUPLICATE_METHOD_MATCH = YES;
				COPY_PHASE_STRIP = NO;
				DEBUG_INFORMATION_FORMAT = dwarf;
				ENABLE_STRICT_OBJC_MSGSEND = YES;
				ENABLE_TESTABILITY = YES;
				GCC_C_LANGUAGE_STANDARD = gnu11;
				GCC_DYNAMIC_NO_PIC = NO;
				GCC_NO_COMMON_BLOCKS = YES;
				GCC_OPTIMIZATION_LEVEL = 0;
				GCC_PREPROCESSOR_DEFINITIONS = (
					"DEBUG=1",
					"$(inherited)",
				);
				GCC_WARN_64_TO_32_BIT_CONVERSION = YES;
				GCC_WARN_ABOUT_RETURN_TYPE = YES_ERROR;
				GCC_WARN_UNDECLARED_SELECTOR = YES;
				GCC_WARN_UNINITIALIZED_AUTOS = YES_AGGRESSIVE;
				GCC_WARN_UNUSED_FUNCTION = YES;
				GCC_WARN_UNUSED_VARIABLE = YES;
				IPHONEOS_DEPLOYMENT_TARGET = 14.4;
				MTL_ENABLE_DEBUG_INFO = INCLUDE_SOURCE;
				MTL_FAST_MATH = YES;
				ONLY_ACTIVE_ARCH = YES;
				SDKROOT = iphoneos;
				SWIFT_ACTIVE_COMPILATION_CONDITIONS = DEBUG;
				SWIFT_OPTIMIZATION_LEVEL = "-Onone";
			};
			name = Debug;
		};
		45A7091F275A0ADD0058A7F6 /* Release */ = {
			isa = XCBuildConfiguration;
			buildSettings = {
				ALWAYS_SEARCH_USER_PATHS = NO;
				CLANG_ANALYZER_NONNULL = YES;
				CLANG_ANALYZER_NUMBER_OBJECT_CONVERSION = YES_AGGRESSIVE;
				CLANG_CXX_LANGUAGE_STANDARD = "gnu++14";
				CLANG_CXX_LIBRARY = "libc++";
				CLANG_ENABLE_MODULES = YES;
				CLANG_ENABLE_OBJC_ARC = YES;
				CLANG_ENABLE_OBJC_WEAK = YES;
				CLANG_WARN_BLOCK_CAPTURE_AUTORELEASING = YES;
				CLANG_WARN_BOOL_CONVERSION = YES;
				CLANG_WARN_COMMA = YES;
				CLANG_WARN_CONSTANT_CONVERSION = YES;
				CLANG_WARN_DEPRECATED_OBJC_IMPLEMENTATIONS = YES;
				CLANG_WARN_DIRECT_OBJC_ISA_USAGE = YES_ERROR;
				CLANG_WARN_DOCUMENTATION_COMMENTS = YES;
				CLANG_WARN_EMPTY_BODY = YES;
				CLANG_WARN_ENUM_CONVERSION = YES;
				CLANG_WARN_INFINITE_RECURSION = YES;
				CLANG_WARN_INT_CONVERSION = YES;
				CLANG_WARN_NON_LITERAL_NULL_CONVERSION = YES;
				CLANG_WARN_OBJC_IMPLICIT_RETAIN_SELF = YES;
				CLANG_WARN_OBJC_LITERAL_CONVERSION = YES;
				CLANG_WARN_OBJC_ROOT_CLASS = YES_ERROR;
				CLANG_WARN_QUOTED_INCLUDE_IN_FRAMEWORK_HEADER = YES;
				CLANG_WARN_RANGE_LOOP_ANALYSIS = YES;
				CLANG_WARN_STRICT_PROTOTYPES = YES;
				CLANG_WARN_SUSPICIOUS_MOVE = YES;
				CLANG_WARN_UNGUARDED_AVAILABILITY = YES_AGGRESSIVE;
				CLANG_WARN_UNREACHABLE_CODE = YES;
				CLANG_WARN__DUPLICATE_METHOD_MATCH = YES;
				COPY_PHASE_STRIP = NO;
				DEBUG_INFORMATION_FORMAT = "dwarf-with-dsym";
				ENABLE_NS_ASSERTIONS = NO;
				ENABLE_STRICT_OBJC_MSGSEND = YES;
				GCC_C_LANGUAGE_STANDARD = gnu11;
				GCC_NO_COMMON_BLOCKS = YES;
				GCC_WARN_64_TO_32_BIT_CONVERSION = YES;
				GCC_WARN_ABOUT_RETURN_TYPE = YES_ERROR;
				GCC_WARN_UNDECLARED_SELECTOR = YES;
				GCC_WARN_UNINITIALIZED_AUTOS = YES_AGGRESSIVE;
				GCC_WARN_UNUSED_FUNCTION = YES;
				GCC_WARN_UNUSED_VARIABLE = YES;
				IPHONEOS_DEPLOYMENT_TARGET = 14.4;
				MTL_ENABLE_DEBUG_INFO = NO;
				MTL_FAST_MATH = YES;
				SDKROOT = iphoneos;
				SWIFT_COMPILATION_MODE = wholemodule;
				SWIFT_OPTIMIZATION_LEVEL = "-O";
				VALIDATE_PRODUCT = YES;
			};
			name = Release;
		};
		45A70921275A0ADD0058A7F6 /* Debug */ = {
			isa = XCBuildConfiguration;
			buildSettings = {
				ALWAYS_EMBED_SWIFT_STANDARD_LIBRARIES = YES;
				ASSETCATALOG_COMPILER_APPICON_NAME = AppIcon;
				ASSETCATALOG_COMPILER_GLOBAL_ACCENT_COLOR_NAME = AccentColor;
				CODE_SIGN_ENTITLEMENTS = MyMusic/MyMusic.entitlements;
				CODE_SIGN_IDENTITY = "iPhone Developer";
				CODE_SIGN_STYLE = Manual;
				DEVELOPMENT_TEAM = 8Z7DUYBZ6B;
				INFOPLIST_FILE = MyMusic/Info.plist;
				LD_RUNPATH_SEARCH_PATHS = (
					"$(inherited)",
					"@executable_path/Frameworks",
				);
				PRODUCT_BUNDLE_IDENTIFIER = com.harkaudio.poc;
				PRODUCT_NAME = "$(TARGET_NAME)";
				PROVISIONING_PROFILE_SPECIFIER = "Hark POC Dev";
				SWIFT_VERSION = 5.0;
				TARGETED_DEVICE_FAMILY = "1,2";
			};
			name = Debug;
		};
		45A70922275A0ADD0058A7F6 /* Release */ = {
			isa = XCBuildConfiguration;
			buildSettings = {
				ALWAYS_EMBED_SWIFT_STANDARD_LIBRARIES = YES;
				ASSETCATALOG_COMPILER_APPICON_NAME = AppIcon;
				ASSETCATALOG_COMPILER_GLOBAL_ACCENT_COLOR_NAME = AccentColor;
				CODE_SIGN_ENTITLEMENTS = MyMusic/MyMusic.entitlements;
				CODE_SIGN_IDENTITY = "iPhone Developer";
				CODE_SIGN_STYLE = Manual;
				DEVELOPMENT_TEAM = 8Z7DUYBZ6B;
				INFOPLIST_FILE = MyMusic/Info.plist;
				LD_RUNPATH_SEARCH_PATHS = (
					"$(inherited)",
					"@executable_path/Frameworks",
				);
				PRODUCT_BUNDLE_IDENTIFIER = com.harkaudio.poc;
				PRODUCT_NAME = "$(TARGET_NAME)";
				PROVISIONING_PROFILE_SPECIFIER = "Hark POC Dev";
				SWIFT_VERSION = 5.0;
				TARGETED_DEVICE_FAMILY = "1,2";
			};
			name = Release;
		};
/* End XCBuildConfiguration section */

/* Begin XCConfigurationList section */
		458CBC36275D1E6F00943402 /* Build configuration list for PBXNativeTarget "MediaIntent" */ = {
			isa = XCConfigurationList;
			buildConfigurations = (
				458CBC37275D1E6F00943402 /* Debug */,
				458CBC38275D1E6F00943402 /* Release */,
			);
			defaultConfigurationIsVisible = 0;
			defaultConfigurationName = Release;
		};
		45A70907275A0AD10058A7F6 /* Build configuration list for PBXProject "MyMusic" */ = {
			isa = XCConfigurationList;
			buildConfigurations = (
				45A7091E275A0ADD0058A7F6 /* Debug */,
				45A7091F275A0ADD0058A7F6 /* Release */,
			);
			defaultConfigurationIsVisible = 0;
			defaultConfigurationName = Release;
		};
		45A70920275A0ADD0058A7F6 /* Build configuration list for PBXNativeTarget "MyMusic" */ = {
			isa = XCConfigurationList;
			buildConfigurations = (
				45A70921275A0ADD0058A7F6 /* Debug */,
				45A70922275A0ADD0058A7F6 /* Release */,
			);
			defaultConfigurationIsVisible = 0;
			defaultConfigurationName = Release;
		};
/* End XCConfigurationList section */
	};
	rootObject = 45A70904275A0AD10058A7F6 /* Project object */;
}
